https://files.pythonhosted.org/packages/38/10/a7f63e086c1e1c12e290c98363c748ef5ddd6313fde739d2aeccd5ed0cd4/deepspeed-0.17.1.tar.gz \
    --hash=sha256:6d6e21796982b9e024f489e1c211666cc6c0be6e344751368610b9d2da285d6e
https://files.pythonhosted.org/packages/1f/7f/13cd798d180af4bf4c0ceddeefba2b864a63c71645abc0308b768d67bb81/hjson-3.1.0-py3-none-any.whl \
    --hash=sha256:65713cdcf13214fb554eb8b4ef803419733f4f5e551047c9b711098ab7186b89
https://files.pythonhosted.org/packages/fd/72/fb2af0d259a651affdce65fd6a495f0e07a685a0136baf585c5065204ee7/nvidia_ml_py-13.590.48-py3-none-any.whl \
    --hash=sha256:fd43d30ee9cd0b7940f5f9f9220b68d42722975e3992b6c21d14144c48760e43
https://files.pythonhosted.org/packages/e0/a9/023730ba63db1e494a271cb018dcd361bd2c917ba7004c3e49d5daf795a2/py_cpuinfo-9.0.0-py3-none-any.whl \
    --hash=sha256:859625bc251f64e21f077d099d4162689c762b5d6a4c3c97553d56241c9674d5
